github.com/fogleman/delaunay v0.0.0-20180910191513-63f09b4c883d h1:TEEc0gLspsm9q0dWZZYiH0blV1MhPQnshLqSoANbxMk=
github.com/fogleman/delaunay v0.0.0-20180910191513-63f09b4c883d/go.mod h1:Twj6uBC/dSqh5vCcgzy/jO/4QWu9lqPTt1v3WEz68z8=
github.com/gen2brain/raylib-go/raylib v0.0.0-20210719094109-1ca7b58c8240 h1:VskQUH3XI4OiM8ao2GscifttRFS8JhdcPkglwgsk8TA=
github.com/gen2brain/raylib-go/raylib v0.0.0-20210719094109-1ca7b58c8240/go.mod h1:+NbsqGlEQqGqrsgJFF5Yj2dkvn0ML2SQb8RqM2hJsPU=
github.com/go-playground/colors v1.2.0 h1:0EdjTXKrr2g1L/LQTYtIqabeHpZuGZz1U4osS1T8+5M=
github.com/go-playground/colors v1.2.0/go.mod h1:miw1R2JIE19cclPxsXqNdzLZsk4DP4iF+m88bRc7kfM=
gopkg.in/go-playground/colors.v1 v1.2.0 h1:SPweMUve+ywPrfwao+UvfD5Ah78aOLUkT5RlJiZn52c=
gopkg.in/go-playground/colors.v1 v1.2.0/go.mod h1:AvbqcMpNXVl5gBrM20jBm3VjjKBbH/kI5UnqjU7lxFI=
